// !$*UTF8*$!
{
	archiveVersion = 1;
	classes = {
	};
	objectVersion = 56;
	objects = {

/* Begin PBXBuildFile section */
		EDE81B6B2A9F599800E0513D /* AppDelegate.swift in Sources */ = {isa = PBXBuildFile; fileRef = EDE81B6A2A9F599800E0513D /* AppDelegate.swift */; };
		EDE81B6D2A9F599800E0513D /* SceneDelegate.swift in Sources */ = {isa = PBXBuildFile; fileRef = EDE81B6C2A9F599800E0513D /* SceneDelegate.swift */; };
		EDE81B6F2A9F599800E0513D /* ViewController.swift in Sources */ = {isa = PBXBuildFile; fileRef = EDE81B6E2A9F599800E0513D /* ViewController.swift */; };
		EDE81B722A9F599800E0513D /* Main.storyboard in Resources */ = {isa = PBXBuildFile; fileRef = EDE81B702A9F599800E0513D /* Main.storyboard */; };
		EDE81B752A9F599800E0513D /* RewardzMiniProject.xcdatamodeld in Sources */ = {isa = PBXBuildFile; fileRef = EDE81B732A9F599800E0513D /* RewardzMiniProject.xcdatamodeld */; };
		EDE81B772A9F599B00E0513D /* Assets.xcassets in Resources */ = {isa = PBXBuildFile; fileRef = EDE81B762A9F599B00E0513D /* Assets.xcassets */; };
		EDE81B7A2A9F599B00E0513D /* LaunchScreen.storyboard in Resources */ = {isa = PBXBuildFile; fileRef = EDE81B782A9F599B00E0513D /* LaunchScreen.storyboard */; };
		EDE81B832A9F6A3000E0513D /* NameViewController.swift in Sources */ = {isa = PBXBuildFile; fileRef = EDE81B822A9F6A3000E0513D /* NameViewController.swift */; };
		EDE81B852A9F6DF400E0513D /* HomeViewController.swift in Sources */ = {isa = PBXBuildFile; fileRef = EDE81B842A9F6DF400E0513D /* HomeViewController.swift */; };
		EDE81B932A9F740300E0513D /* TopTableViewCell.swift in Sources */ = {isa = PBXBuildFile; fileRef = EDE81B912A9F740300E0513D /* TopTableViewCell.swift */; };
		EDE81B942A9F740300E0513D /* TopTableViewCell.xib in Resources */ = {isa = PBXBuildFile; fileRef = EDE81B922A9F740300E0513D /* TopTableViewCell.xib */; };
		EDE81B972A9F785100E0513D /* IQKeyboardManagerSwift in Frameworks */ = {isa = PBXBuildFile; productRef = EDE81B962A9F785100E0513D /* IQKeyboardManagerSwift */; };
		EDE81B9A2A9F7AAC00E0513D /* RecommendedComboTableViewCell.swift in Sources */ = {isa = PBXBuildFile; fileRef = EDE81B982A9F7AAC00E0513D /* RecommendedComboTableViewCell.swift */; };
		EDE81B9B2A9F7AAC00E0513D /* RecommendedComboTableViewCell.xib in Resources */ = {isa = PBXBuildFile; fileRef = EDE81B992A9F7AAC00E0513D /* RecommendedComboTableViewCell.xib */; };
		EDE81BA02A9F895500E0513D /* RecommendedContentTableViewCell.swift in Sources */ = {isa = PBXBuildFile; fileRef = EDE81B9E2A9F895500E0513D /* RecommendedContentTableViewCell.swift */; };
		EDE81BA12A9F895500E0513D /* RecommendedContentTableViewCell.xib in Resources */ = {isa = PBXBuildFile; fileRef = EDE81B9F2A9F895500E0513D /* RecommendedContentTableViewCell.xib */; };
		EDE81BA42A9F897800E0513D /* ContentCollectionViewCell.swift in Sources */ = {isa = PBXBuildFile; fileRef = EDE81BA22A9F897800E0513D /* ContentCollectionViewCell.swift */; };
		EDE81BA52A9F897800E0513D /* ContentCollectionViewCell.xib in Resources */ = {isa = PBXBuildFile; fileRef = EDE81BA32A9F897800E0513D /* ContentCollectionViewCell.xib */; };
		EDE81BAA2A9F8CEF00E0513D /* Food.swift in Sources */ = {isa = PBXBuildFile; fileRef = EDE81BA92A9F8CEF00E0513D /* Food.swift */; };
		EDE81BAD2A9F8D2100E0513D /* HomeViewModel.swift in Sources */ = {isa = PBXBuildFile; fileRef = EDE81BAC2A9F8D2100E0513D /* HomeViewModel.swift */; };
		EDE81BB02A9F9CA800E0513D /* ContentHeaderTableViewCell.swift in Sources */ = {isa = PBXBuildFile; fileRef = EDE81BAE2A9F9CA800E0513D /* ContentHeaderTableViewCell.swift */; };
		EDE81BB12A9F9CA800E0513D /* ContentHeaderTableViewCell.xib in Resources */ = {isa = PBXBuildFile; fileRef = EDE81BAF2A9F9CA800E0513D /* ContentHeaderTableViewCell.xib */; };
/* End PBXBuildFile section */

/* Begin PBXFileReference section */
		EDE81B672A9F599800E0513D /* RewardzMiniProject.app */ = {isa = PBXFileReference; explicitFileType = wrapper.application; includeInIndex = 0; path = RewardzMiniProject.app; sourceTree = BUILT_PRODUCTS_DIR; };
		EDE81B6A2A9F599800E0513D /* AppDelegate.swift */ = {isa = PBXFileReference; lastKnownFileType = sourcecode.swift; path = AppDelegate.swift; sourceTree = "<group>"; };
		EDE81B6C2A9F599800E0513D /* SceneDelegate.swift */ = {isa = PBXFileReference; lastKnownFileType = sourcecode.swift; path = SceneDelegate.swift; sourceTree = "<group>"; };
		EDE81B6E2A9F599800E0513D /* ViewController.swift */ = {isa = PBXFileReference; lastKnownFileType = sourcecode.swift; path = ViewController.swift; sourceTree = "<group>"; };
		EDE81B712A9F599800E0513D /* Base */ = {isa = PBXFileReference; lastKnownFileType = file.storyboard; name = Base; path = Base.lproj/Main.storyboard; sourceTree = "<group>"; };
		EDE81B742A9F599800E0513D /* RewardzMiniProject.xcdatamodel */ = {isa = PBXFileReference; lastKnownFileType = wrapper.xcdatamodel; path = RewardzMiniProject.xcdatamodel; sourceTree = "<group>"; };
		EDE81B762A9F599B00E0513D /* Assets.xcassets */ = {isa = PBXFileReference; lastKnownFileType = folder.assetcatalog; path = Assets.xcassets; sourceTree = "<group>"; };
		EDE81B792A9F599B00E0513D /* Base */ = {isa = PBXFileReference; lastKnownFileType = file.storyboard; name = Base; path = Base.lproj/LaunchScreen.storyboard; sourceTree = "<group>"; };
		EDE81B7B2A9F599B00E0513D /* Info.plist */ = {isa = PBXFileReference; lastKnownFileType = text.plist.xml; path = Info.plist; sourceTree = "<group>"; };
		EDE81B822A9F6A3000E0513D /* NameViewController.swift */ = {isa = PBXFileReference; lastKnownFileType = sourcecode.swift; path = NameViewController.swift; sourceTree = "<group>"; };
		EDE81B842A9F6DF400E0513D /* HomeViewController.swift */ = {isa = PBXFileReference; lastKnownFileType = sourcecode.swift; path = HomeViewController.swift; sourceTree = "<group>"; };
		EDE81B912A9F740300E0513D /* TopTableViewCell.swift */ = {isa = PBXFileReference; lastKnownFileType = sourcecode.swift; path = TopTableViewCell.swift; sourceTree = "<group>"; };
		EDE81B922A9F740300E0513D /* TopTableViewCell.xib */ = {isa = PBXFileReference; lastKnownFileType = file.xib; path = TopTableViewCell.xib; sourceTree = "<group>"; };
		EDE81B982A9F7AAC00E0513D /* RecommendedComboTableViewCell.swift */ = {isa = PBXFileReference; lastKnownFileType = sourcecode.swift; path = RecommendedComboTableViewCell.swift; sourceTree = "<group>"; };
		EDE81B992A9F7AAC00E0513D /* RecommendedComboTableViewCell.xib */ = {isa = PBXFileReference; lastKnownFileType = file.xib; path = RecommendedComboTableViewCell.xib; sourceTree = "<group>"; };
		EDE81B9E2A9F895500E0513D /* RecommendedContentTableViewCell.swift */ = {isa = PBXFileReference; lastKnownFileType = sourcecode.swift; path = RecommendedContentTableViewCell.swift; sourceTree = "<group>"; };
		EDE81B9F2A9F895500E0513D /* RecommendedContentTableViewCell.xib */ = {isa = PBXFileReference; lastKnownFileType = file.xib; path = RecommendedContentTableViewCell.xib; sourceTree = "<group>"; };
		EDE81BA22A9F897800E0513D /* ContentCollectionViewCell.swift */ = {isa = PBXFileReference; lastKnownFileType = sourcecode.swift; path = ContentCollectionViewCell.swift; sourceTree = "<group>"; };
		EDE81BA32A9F897800E0513D /* ContentCollectionViewCell.xib */ = {isa = PBXFileReference; lastKnownFileType = file.xib; path = ContentCollectionViewCell.xib; sourceTree = "<group>"; };
		EDE81BA92A9F8CEF00E0513D /* Food.swift */ = {isa = PBXFileReference; lastKnownFileType = sourcecode.swift; path = Food.swift; sourceTree = "<group>"; };
		EDE81BAC2A9F8D2100E0513D /* HomeViewModel.swift */ = {isa = PBXFileReference; lastKnownFileType = sourcecode.swift; path = HomeViewModel.swift; sourceTree = "<group>"; };
		EDE81BAE2A9F9CA800E0513D /* ContentHeaderTableViewCell.swift */ = {isa = PBXFileReference; lastKnownFileType = sourcecode.swift; path = ContentHeaderTableViewCell.swift; sourceTree = "<group>"; };
		EDE81BAF2A9F9CA800E0513D /* ContentHeaderTableViewCell.xib */ = {isa = PBXFileReference; lastKnownFileType = file.xib; path = ContentHeaderTableViewCell.xib; sourceTree = "<group>"; };
/* End PBXFileReference section */

/* Begin PBXFrameworksBuildPhase section */
		EDE81B642A9F599800E0513D /* Frameworks */ = {
			isa = PBXFrameworksBuildPhase;
			buildActionMask = 2147483647;
			files = (
				EDE81B972A9F785100E0513D /* IQKeyboardManagerSwift in Frameworks */,
			);
			runOnlyForDeploymentPostprocessing = 0;
		};
/* End PBXFrameworksBuildPhase section */

/* Begin PBXGroup section */
		EDE81B5E2A9F599800E0513D = {
			isa = PBXGroup;
			children = (
				EDE81B692A9F599800E0513D /* RewardzMiniProject */,
				EDE81B682A9F599800E0513D /* Products */,
			);
			sourceTree = "<group>";
		};
		EDE81B682A9F599800E0513D /* Products */ = {
			isa = PBXGroup;
			children = (
				EDE81B672A9F599800E0513D /* RewardzMiniProject.app */,
			);
			name = Products;
			sourceTree = "<group>";
		};
		EDE81B692A9F599800E0513D /* RewardzMiniProject */ = {
			isa = PBXGroup;
			children = (
				EDE81BAB2A9F8D1200E0513D /* ViewModel */,
				EDE81BA82A9F8CE000E0513D /* Model */,
				EDE81B8A2A9F710800E0513D /* SupportingFiles */,
				EDE81B882A9F70E000E0513D /* View */,
				EDE81B7B2A9F599B00E0513D /* Info.plist */,
				EDE81B732A9F599800E0513D /* RewardzMiniProject.xcdatamodeld */,
			);
			path = RewardzMiniProject;
			sourceTree = "<group>";
		};
		EDE81B862A9F70D300E0513D /* Cell */ = {
			isa = PBXGroup;
			children = (
				EDE81B912A9F740300E0513D /* TopTableViewCell.swift */,
				EDE81B922A9F740300E0513D /* TopTableViewCell.xib */,
				EDE81B982A9F7AAC00E0513D /* RecommendedComboTableViewCell.swift */,
				EDE81B992A9F7AAC00E0513D /* RecommendedComboTableViewCell.xib */,
				EDE81B9E2A9F895500E0513D /* RecommendedContentTableViewCell.swift */,
				EDE81B9F2A9F895500E0513D /* RecommendedContentTableViewCell.xib */,
				EDE81BA22A9F897800E0513D /* ContentCollectionViewCell.swift */,
				EDE81BA32A9F897800E0513D /* ContentCollectionViewCell.xib */,
				EDE81BAE2A9F9CA800E0513D /* ContentHeaderTableViewCell.swift */,
				EDE81BAF2A9F9CA800E0513D /* ContentHeaderTableViewCell.xib */,
			);
			path = Cell;
			sourceTree = "<group>";
		};
		EDE81B872A9F70D700E0513D /* ViewController */ = {
			isa = PBXGroup;
			children = (
				EDE81B6E2A9F599800E0513D /* ViewController.swift */,
				EDE81B822A9F6A3000E0513D /* NameViewController.swift */,
				EDE81B842A9F6DF400E0513D /* HomeViewController.swift */,
			);
			path = ViewController;
			sourceTree = "<group>";
		};
		EDE81B882A9F70E000E0513D /* View */ = {
			isa = PBXGroup;
			children = (
				EDE81B892A9F70F100E0513D /* Storyboard */,
				EDE81B872A9F70D700E0513D /* ViewController */,
				EDE81B862A9F70D300E0513D /* Cell */,
			);
			path = View;
			sourceTree = "<group>";
		};
		EDE81B892A9F70F100E0513D /* Storyboard */ = {
			isa = PBXGroup;
			children = (
				EDE81B702A9F599800E0513D /* Main.storyboard */,
			);
			path = Storyboard;
			sourceTree = "<group>";
		};
		EDE81B8A2A9F710800E0513D /* SupportingFiles */ = {
			isa = PBXGroup;
			children = (
				EDE81B762A9F599B00E0513D /* Assets.xcassets */,
				EDE81B6A2A9F599800E0513D /* AppDelegate.swift */,
				EDE81B6C2A9F599800E0513D /* SceneDelegate.swift */,
				EDE81B782A9F599B00E0513D /* LaunchScreen.storyboard */,
			);
			path = SupportingFiles;
			sourceTree = "<group>";
		};
		EDE81BA82A9F8CE000E0513D /* Model */ = {
			isa = PBXGroup;
			children = (
				EDE81BA92A9F8CEF00E0513D /* Food.swift */,
			);
			path = Model;
			sourceTree = "<group>";
		};
		EDE81BAB2A9F8D1200E0513D /* ViewModel */ = {
			isa = PBXGroup;
			children = (
				EDE81BAC2A9F8D2100E0513D /* HomeViewModel.swift */,
			);
			path = ViewModel;
			sourceTree = "<group>";
		};
/* End PBXGroup section */

/* Begin PBXNativeTarget section */
		EDE81B662A9F599800E0513D /* RewardzMiniProject */ = {
			isa = PBXNativeTarget;
			buildConfigurationList = EDE81B7E2A9F599B00E0513D /* Build configuration list for PBXNativeTarget "RewardzMiniProject" */;
			buildPhases = (
				EDE81B632A9F599800E0513D /* Sources */,
				EDE81B642A9F599800E0513D /* Frameworks */,
				EDE81B652A9F599800E0513D /* Resources */,
			);
			buildRules = (
			);
			dependencies = (
			);
			name = RewardzMiniProject;
			packageProductDependencies = (
				EDE81B962A9F785100E0513D /* IQKeyboardManagerSwift */,
			);
			productName = RewardzMiniProject;
			productReference = EDE81B672A9F599800E0513D /* RewardzMiniProject.app */;
			productType = "com.apple.product-type.application";
		};
/* End PBXNativeTarget section */

/* Begin PBXProject section */
		EDE81B5F2A9F599800E0513D /* Project object */ = {
			isa = PBXProject;
			attributes = {
				BuildIndependentTargetsInParallel = 1;
				LastSwiftUpdateCheck = 1430;
				LastUpgradeCheck = 1430;
				TargetAttributes = {
					EDE81B662A9F599800E0513D = {
						CreatedOnToolsVersion = 14.3.1;
					};
				};
			};
			buildConfigurationList = EDE81B622A9F599800E0513D /* Build configuration list for PBXProject "RewardzMiniProject" */;
			compatibilityVersion = "Xcode 14.0";
			developmentRegion = en;
			hasScannedForEncodings = 0;
			knownRegions = (
				en,
				Base,
			);
			mainGroup = EDE81B5E2A9F599800E0513D;
			packageReferences = (
				EDE81B952A9F785100E0513D /* XCRemoteSwiftPackageReference "IQKeyboardManager" */,
			);
			productRefGroup = EDE81B682A9F599800E0513D /* Products */;
			projectDirPath = "";
			projectRoot = "";
			targets = (
				EDE81B662A9F599800E0513D /* RewardzMiniProject */,
			);
		};
/* End PBXProject section */

/* Begin PBXResourcesBuildPhase section */
		EDE81B652A9F599800E0513D /* Resources */ = {
			isa = PBXResourcesBuildPhase;
			buildActionMask = 2147483647;
			files = (
				EDE81BA52A9F897800E0513D /* ContentCollectionViewCell.xib in Resources */,
				EDE81B7A2A9F599B00E0513D /* LaunchScreen.storyboard in Resources */,
				EDE81B772A9F599B00E0513D /* Assets.xcassets in Resources */,
				EDE81B9B2A9F7AAC00E0513D /* RecommendedComboTableViewCell.xib in Resources */,
				EDE81BA12A9F895500E0513D /* RecommendedContentTableViewCell.xib in Resources */,
				EDE81B722A9F599800E0513D /* Main.storyboard in Resources */,
				EDE81BB12A9F9CA800E0513D /* ContentHeaderTableViewCell.xib in Resources */,
				EDE81B942A9F740300E0513D /* TopTableViewCell.xib in Resources */,
			);
			runOnlyForDeploymentPostprocessing = 0;
		};
/* End PBXResourcesBuildPhase section */

/* Begin PBXSourcesBuildPhase section */
		EDE81B632A9F599800E0513D /* Sources */ = {
			isa = PBXSourcesBuildPhase;
			buildActionMask = 2147483647;
			files = (
				EDE81B6F2A9F599800E0513D /* ViewController.swift in Sources */,
				EDE81B6B2A9F599800E0513D /* AppDelegate.swift in Sources */,
				EDE81B752A9F599800E0513D /* RewardzMiniProject.xcdatamodeld in Sources */,
				EDE81B6D2A9F599800E0513D /* SceneDelegate.swift in Sources */,
				EDE81BAA2A9F8CEF00E0513D /* Food.swift in Sources */,
				EDE81BA42A9F897800E0513D /* ContentCollectionViewCell.swift in Sources */,
				EDE81B9A2A9F7AAC00E0513D /* RecommendedComboTableViewCell.swift in Sources */,
				EDE81BAD2A9F8D2100E0513D /* HomeViewModel.swift in Sources */,
				EDE81BB02A9F9CA800E0513D /* ContentHeaderTableViewCell.swift in Sources */,
				EDE81B832A9F6A3000E0513D /* NameViewController.swift in Sources */,
				EDE81BA02A9F895500E0513D /* RecommendedContentTableViewCell.swift in Sources */,
				EDE81B852A9F6DF400E0513D /* HomeViewController.swift in Sources */,
				EDE81B932A9F740300E0513D /* TopTableViewCell.swift in Sources */,
			);
			runOnlyForDeploymentPostprocessing = 0;
		};
/* End PBXSourcesBuildPhase section */

/* Begin PBXVariantGroup section */
		EDE81B702A9F599800E0513D /* Main.storyboard */ = {
			isa = PBXVariantGroup;
			children = (
				EDE81B712A9F599800E0513D /* Base */,
			);
			name = Main.storyboard;
			sourceTree = "<group>";
		};
		EDE81B782A9F599B00E0513D /* LaunchScreen.storyboard */ = {
			isa = PBXVariantGroup;
			children = (
				EDE81B792A9F599B00E0513D /* Base */,
			);
			name = LaunchScreen.storyboard;
			sourceTree = "<group>";
		};
/* End PBXVariantGroup section */

/* Begin XCBuildConfiguration section */
		EDE81B7C2A9F599B00E0513D /* Debug */ = {
			isa = XCBuildConfiguration;
			buildSettings = {
				ALWAYS_SEARCH_USER_PATHS = NO;
				CLANG_ANALYZER_NONNULL = YES;
				CLANG_ANALYZER_NUMBER_OBJECT_CONVERSION = YES_AGGRESSIVE;
				CLANG_CXX_LANGUAGE_STANDARD = "gnu++20";
				CLANG_ENABLE_MODULES = YES;
				CLANG_ENABLE_OBJC_ARC = YES;
				CLANG_ENABLE_OBJC_WEAK = YES;
				CLANG_WARN_BLOCK_CAPTURE_AUTORELEASING = YES;
				CLANG_WARN_BOOL_CONVERSION = YES;
				CLANG_WARN_COMMA = YES;
				CLANG_WARN_CONSTANT_CONVERSION = YES;
				CLANG_WARN_DEPRECATED_OBJC_IMPLEMENTATIONS = YES;
				CLANG_WARN_DIRECT_OBJC_ISA_USAGE = YES_ERROR;
				CLANG_WARN_DOCUMENTATION_COMMENTS = YES;
				CLANG_WARN_EMPTY_BODY = YES;
				CLANG_WARN_ENUM_CONVERSION = YES;
				CLANG_WARN_INFINITE_RECURSION = YES;
				CLANG_WARN_INT_CONVERSION = YES;
				CLANG_WARN_NON_LITERAL_NULL_CONVERSION = YES;
				CLANG_WARN_OBJC_IMPLICIT_RETAIN_SELF = YES;
				CLANG_WARN_OBJC_LITERAL_CONVERSION = YES;
				CLANG_WARN_OBJC_ROOT_CLASS = YES_ERROR;
				CLANG_WARN_QUOTED_INCLUDE_IN_FRAMEWORK_HEADER = YES;
				CLANG_WARN_RANGE_LOOP_ANALYSIS = YES;
				CLANG_WARN_STRICT_PROTOTYPES = YES;
				CLANG_WARN_SUSPICIOUS_MOVE = YES;
				CLANG_WARN_UNGUARDED_AVAILABILITY = YES_AGGRESSIVE;
				CLANG_WARN_UNREACHABLE_CODE = YES;
				CLANG_WARN__DUPLICATE_METHOD_MATCH = YES;
				COPY_PHASE_STRIP = NO;
				DEBUG_INFORMATION_FORMAT = dwarf;
				ENABLE_STRICT_OBJC_MSGSEND = YES;
				ENABLE_TESTABILITY = YES;
				GCC_C_LANGUAGE_STANDARD = gnu11;
				GCC_DYNAMIC_NO_PIC = NO;
				GCC_NO_COMMON_BLOCKS = YES;
				GCC_OPTIMIZATION_LEVEL = 0;
				GCC_PREPROCESSOR_DEFINITIONS = (
					"DEBUG=1",
					"$(inherited)",
				);
				GCC_WARN_64_TO_32_BIT_CONVERSION = YES;
				GCC_WARN_ABOUT_RETURN_TYPE = YES_ERROR;
				GCC_WARN_UNDECLARED_SELECTOR = YES;
				GCC_WARN_UNINITIALIZED_AUTOS = YES_AGGRESSIVE;
				GCC_WARN_UNUSED_FUNCTION = YES;
				GCC_WARN_UNUSED_VARIABLE = YES;
				IPHONEOS_DEPLOYMENT_TARGET = 16.4;
				MTL_ENABLE_DEBUG_INFO = INCLUDE_SOURCE;
				MTL_FAST_MATH = YES;
				ONLY_ACTIVE_ARCH = YES;
				SDKROOT = iphoneos;
				SWIFT_ACTIVE_COMPILATION_CONDITIONS = DEBUG;
				SWIFT_OPTIMIZATION_LEVEL = "-Onone";
			};
			name = Debug;
		};
		EDE81B7D2A9F599B00E0513D /* Release */ = {
			isa = XCBuildConfiguration;
			buildSettings = {
				ALWAYS_SEARCH_USER_PATHS = NO;
				CLANG_ANALYZER_NONNULL = YES;
				CLANG_ANALYZER_NUMBER_OBJECT_CONVERSION = YES_AGGRESSIVE;
				CLANG_CXX_LANGUAGE_STANDARD = "gnu++20";
				CLANG_ENABLE_MODULES = YES;
				CLANG_ENABLE_OBJC_ARC = YES;
				CLANG_ENABLE_OBJC_WEAK = YES;
				CLANG_WARN_BLOCK_CAPTURE_AUTORELEASING = YES;
				CLANG_WARN_BOOL_CONVERSION = YES;
				CLANG_WARN_COMMA = YES;
				CLANG_WARN_CONSTANT_CONVERSION = YES;
				CLANG_WARN_DEPRECATED_OBJC_IMPLEMENTATIONS = YES;
				CLANG_WARN_DIRECT_OBJC_ISA_USAGE = YES_ERROR;
				CLANG_WARN_DOCUMENTATION_COMMENTS = YES;
				CLANG_WARN_EMPTY_BODY = YES;
				CLANG_WARN_ENUM_CONVERSION = YES;
				CLANG_WARN_INFINITE_RECURSION = YES;
				CLANG_WARN_INT_CONVERSION = YES;
				CLANG_WARN_NON_LITERAL_NULL_CONVERSION = YES;
				CLANG_WARN_OBJC_IMPLICIT_RETAIN_SELF = YES;
				CLANG_WARN_OBJC_LITERAL_CONVERSION = YES;
				CLANG_WARN_OBJC_ROOT_CLASS = YES_ERROR;
				CLANG_WARN_QUOTED_INCLUDE_IN_FRAMEWORK_HEADER = YES;
				CLANG_WARN_RANGE_LOOP_ANALYSIS = YES;
				CLANG_WARN_STRICT_PROTOTYPES = YES;
				CLANG_WARN_SUSPICIOUS_MOVE = YES;
				CLANG_WARN_UNGUARDED_AVAILABILITY = YES_AGGRESSIVE;
				CLANG_WARN_UNREACHABLE_CODE = YES;
				CLANG_WARN__DUPLICATE_METHOD_MATCH = YES;
				COPY_PHASE_STRIP = NO;
				DEBUG_INFORMATION_FORMAT = "dwarf-with-dsym";
				ENABLE_NS_ASSERTIONS = NO;
				ENABLE_STRICT_OBJC_MSGSEND = YES;
				GCC_C_LANGUAGE_STANDARD = gnu11;
				GCC_NO_COMMON_BLOCKS = YES;
				GCC_WARN_64_TO_32_BIT_CONVERSION = YES;
				GCC_WARN_ABOUT_RETURN_TYPE = YES_ERROR;
				GCC_WARN_UNDECLARED_SELECTOR = YES;
				GCC_WARN_UNINITIALIZED_AUTOS = YES_AGGRESSIVE;
				GCC_WARN_UNUSED_FUNCTION = YES;
				GCC_WARN_UNUSED_VARIABLE = YES;
				IPHONEOS_DEPLOYMENT_TARGET = 16.4;
				MTL_ENABLE_DEBUG_INFO = NO;
				MTL_FAST_MATH = YES;
				SDKROOT = iphoneos;
				SWIFT_COMPILATION_MODE = wholemodule;
				SWIFT_OPTIMIZATION_LEVEL = "-O";
				VALIDATE_PRODUCT = YES;
			};
			name = Release;
		};
		EDE81B7F2A9F599B00E0513D /* Debug */ = {
			isa = XCBuildConfiguration;
			buildSettings = {
				ASSETCATALOG_COMPILER_APPICON_NAME = AppIcon;
				ASSETCATALOG_COMPILER_GLOBAL_ACCENT_COLOR_NAME = AccentColor;
				CODE_SIGN_STYLE = Automatic;
				CURRENT_PROJECT_VERSION = 1;
				DEVELOPMENT_TEAM = TU5F8CUGQU;
				GENERATE_INFOPLIST_FILE = YES;
				INFOPLIST_FILE = RewardzMiniProject/Info.plist;
				INFOPLIST_KEY_UIApplicationSupportsIndirectInputEvents = YES;
				INFOPLIST_KEY_UILaunchStoryboardName = LaunchScreen;
				INFOPLIST_KEY_UIMainStoryboardFile = Main;
				INFOPLIST_KEY_UISupportedInterfaceOrientations_iPad = "UIInterfaceOrientationPortrait UIInterfaceOrientationPortraitUpsideDown UIInterfaceOrientationLandscapeLeft UIInterfaceOrientationLandscapeRight";
				INFOPLIST_KEY_UISupportedInterfaceOrientations_iPhone = "UIInterfaceOrientationPortrait UIInterfaceOrientationLandscapeLeft UIInterfaceOrientationLandscapeRight";
				LD_RUNPATH_SEARCH_PATHS = (
					"$(inherited)",
					"@executable_path/Frameworks",
				);
				MARKETING_VERSION = 1.0;
				PRODUCT_BUNDLE_IDENTIFIER = com.sonnyescape.RewardzMiniProject;
				PRODUCT_NAME = "$(TARGET_NAME)";
				SWIFT_EMIT_LOC_STRINGS = YES;
				SWIFT_VERSION = 5.0;
				TARGETED_DEVICE_FAMILY = "1,2";
			};
			name = Debug;
		};
		EDE81B802A9F599B00E0513D /* Release */ = {
			isa = XCBuildConfiguration;
			buildSettings = {
				ASSETCATALOG_COMPILER_APPICON_NAME = AppIcon;
				ASSETCATALOG_COMPILER_GLOBAL_ACCENT_COLOR_NAME = AccentColor;
				CODE_SIGN_STYLE = Automatic;
				CURRENT_PROJECT_VERSION = 1;
				DEVELOPMENT_TEAM = TU5F8CUGQU;
				GENERATE_INFOPLIST_FILE = YES;
				INFOPLIST_FILE = RewardzMiniProject/Info.plist;
				INFOPLIST_KEY_UIApplicationSupportsIndirectInputEvents = YES;
				INFOPLIST_KEY_UILaunchStoryboardName = LaunchScreen;
				INFOPLIST_KEY_UIMainStoryboardFile = Main;
				INFOPLIST_KEY_UISupportedInterfaceOrientations_iPad = "UIInterfaceOrientationPortrait UIInterfaceOrientationPortraitUpsideDown UIInterfaceOrientationLandscapeLeft UIInterfaceOrientationLandscapeRight";
				INFOPLIST_KEY_UISupportedInterfaceOrientations_iPhone = "UIInterfaceOrientationPortrait UIInterfaceOrientationLandscapeLeft UIInterfaceOrientationLandscapeRight";
				LD_RUNPATH_SEARCH_PATHS = (
					"$(inherited)",
					"@executable_path/Frameworks",
				);
				MARKETING_VERSION = 1.0;
				PRODUCT_BUNDLE_IDENTIFIER = com.sonnyescape.RewardzMiniProject;
				PRODUCT_NAME = "$(TARGET_NAME)";
				SWIFT_EMIT_LOC_STRINGS = YES;
				SWIFT_VERSION = 5.0;
				TARGETED_DEVICE_FAMILY = "1,2";
			};
			name = Release;
		};
/* End XCBuildConfiguration section */

/* Begin XCConfigurationList section */
		EDE81B622A9F599800E0513D /* Build configuration list for PBXProject "RewardzMiniProject" */ = {
			isa = XCConfigurationList;
			buildConfigurations = (
				EDE81B7C2A9F599B00E0513D /* Debug */,
				EDE81B7D2A9F599B00E0513D /* Release */,
			);
			defaultConfigurationIsVisible = 0;
			defaultConfigurationName = Release;
		};
		EDE81B7E2A9F599B00E0513D /* Build configuration list for PBXNativeTarget "RewardzMiniProject" */ = {
			isa = XCConfigurationList;
			buildConfigurations = (
				EDE81B7F2A9F599B00E0513D /* Debug */,
				EDE81B802A9F599B00E0513D /* Release */,
			);
			defaultConfigurationIsVisible = 0;
			defaultConfigurationName = Release;
		};
/* End XCConfigurationList section */

/* Begin XCRemoteSwiftPackageReference section */
		EDE81B952A9F785100E0513D /* XCRemoteSwiftPackageReference "IQKeyboardManager" */ = {
			isa = XCRemoteSwiftPackageReference;
			repositoryURL = "https://github.com/hackiftekhar/IQKeyboardManager";
			requirement = {
				kind = upToNextMajorVersion;
				minimumVersion = 6.0.0;
			};
		};
/* End XCRemoteSwiftPackageReference section */

/* Begin XCSwiftPackageProductDependency section */
		EDE81B962A9F785100E0513D /* IQKeyboardManagerSwift */ = {
			isa = XCSwiftPackageProductDependency;
			package = EDE81B952A9F785100E0513D /* XCRemoteSwiftPackageReference "IQKeyboardManager" */;
			productName = IQKeyboardManagerSwift;
		};
/* End XCSwiftPackageProductDependency section */

/* Begin XCVersionGroup section */
		EDE81B732A9F599800E0513D /* RewardzMiniProject.xcdatamodeld */ = {
			isa = XCVersionGroup;
			children = (
				EDE81B742A9F599800E0513D /* RewardzMiniProject.xcdatamodel */,
			);
			currentVersion = EDE81B742A9F599800E0513D /* RewardzMiniProject.xcdatamodel */;
			path = RewardzMiniProject.xcdatamodeld;
			sourceTree = "<group>";
			versionGroupType = wrapper.xcdatamodel;
		};
/* End XCVersionGroup section */
	};
	rootObject = EDE81B5F2A9F599800E0513D /* Project object */;
}
